PODS:
  - AFNetworking (1.3.4)
  - CocoaLumberjack (3.4.2):
    - CocoaLumberjack/Default (= 3.4.2)
    - CocoaLumberjack/Extensions (= 3.4.2)
  - CocoaLumberjack/Default (3.4.2)
  - CocoaLumberjack/Extensions (3.4.2):
    - CocoaLumberjack/Default
  - Reachability (3.2)
  - Sparkle (1.24.0)

DEPENDENCIES:
  - AFNetworking (~> 1.3)
  - CocoaLumberjack (~> 3.4)
  - Reachability (~> 3.2.0)
  - Sparkle (~> 1.18)

SPEC REPOS:
  https://github.com/CocoaPods/Specs.git:
    - AFNetworking
    - CocoaLumberjack
    - Reachability
    - Sparkle

SPEC CHECKSUMS:
  AFNetworking: 61d8c1d58a2a6385abb0650d01642f3a230a9cdb
  CocoaLumberjack: db7cc9e464771f12054c22ff6947c5a58d43a0fd
  Reachability: 33e18b67625424e47b6cde6d202dce689ad7af96
  Sparkle: 270cd27377bf04e9c128af06e3a22d0f572d6ee3

PODFILE CHECKSUM: 382419e6f96e085dbadcdf835ea95b064de5076b

COCOAPODS: 1.13.0
